github.com/6tail/lunar-go v1.3.13 h1:ixRxt8T11Io032FNRXyJGdUFDOGIBdnUjQSWp0XdeWY=
github.com/6tail/lunar-go v1.3.13/go.mod h1:mMvCby9aWTSmsZjnv+5EOW7taJFV4RsjNcQLRl/3whY=
github.com/ying32/govcl v2.2.3+incompatible h1:Iyfcl26yNE1USm+3uG+btQyhkoFIV18+VITrUdHu8Lw=
github.com/ying32/govcl v2.2.3+incompatible/go.mod h1:yZVtbJ9Md1nAVxtHKIriKZn4K6TQYqI1en3sN/m9FJ8=
